
Microsoft Visual Studio Solution File, Format Version 12.00
# Visual Studio 14
VisualStudioVersion = 14.0.25123.0
MinimumVisualStudioVersion = 10.0.40219.1
Project("{FAE04EC0-301F-11D3-BF4B-00C04F79EFBC}") = "01.Odd or Even", "01.Odd or Even\01.Odd or Even.csproj", "{E90459B7-AE15-45F8-BA9A-63D28350F52A}"
EndProject
Project("{FAE04EC0-301F-11D3-BF4B-00C04F79EFBC}") = "02.Moon Gravity", "02.Moon Gravity\02.Moon Gravity.csproj", "{8C930E0D-7068-4881-ACCC-D2751AA2ED2A}"
EndProject
Project("{FAE04EC0-301F-11D3-BF4B-00C04F79EFBC}") = "03.Divide by 7 and 5", "03.Divide by 7 and 5\03.Divide by 7 and 5.csproj", "{E51EC91D-F4FB-4832-A415-6C3247BB84EA}"
EndProject
Project("{FAE04EC0-301F-11D3-BF4B-00C04F79EFBC}") = "04.Rectangles", "04.Rectangles\04.Rectangles.csproj", "{84F11A77-4EC9-4AEA-940E-89C3CA8E2902}"
EndProject
Project("{FAE04EC0-301F-11D3-BF4B-00C04F79EFBC}") = "05.Third digit", "05.Third digit\05.Third digit.csproj", "{41FFF231-CA67-4E96-928A-BF07DAA7ABB8}"
EndProject
Project("{FAE04EC0-301F-11D3-BF4B-00C04F79EFBC}") = "06.Four digits", "06.Four digits\06.Four digits.csproj", "{C5209408-E074-4A92-B5EE-03563C37C45D}"
EndProject
Project("{FAE04EC0-301F-11D3-BF4B-00C04F79EFBC}") = "07.Point in a circle", "07.Point in a circle\07.Point in a circle.csproj", "{75C41655-563D-4E2D-8366-0EDE00D6AF58}"
EndProject
Project("{FAE04EC0-301F-11D3-BF4B-00C04F79EFBC}") = "08.Prime check", "08.Prime check\08.Prime check.csproj", "{35655540-2E4A-45D9-B957-BAF7DBDE2C99}"
EndProject
Project("{FAE04EC0-301F-11D3-BF4B-00C04F79EFBC}") = "09.Trapezoids", "09.Trapezoids\09.Trapezoids.csproj", "{02FEC9DD-BE91-42EE-AE3D-9A20BED24F9C}"
EndProject
Project("{FAE04EC0-301F-11D3-BF4B-00C04F79EFBC}") = "10.Point Circle Rectangle", "10.Point Circle Rectangle\10.Point Circle Rectangle.csproj", "{A8567A97-6839-4069-857F-20A4974FFE4F}"
EndProject
Project("{FAE04EC0-301F-11D3-BF4B-00C04F79EFBC}") = "11.3rd Bit", "11.3rd Bit\11.3rd Bit.csproj", "{FE68CD85-0150-4435-BC86-5D02066AFD98}"
EndProject
Project("{FAE04EC0-301F-11D3-BF4B-00C04F79EFBC}") = "12.N-th Bit", "12.N-th Bit\12.N-th Bit.csproj", "{6E0F72FC-DDEB-4E52-9823-6410B7550236}"
EndProject
Project("{FAE04EC0-301F-11D3-BF4B-00C04F79EFBC}") = "test", "test\test.csproj", "{C5130457-CA90-48E7-A396-B1C5A9AF5586}"
EndProject
Project("{FAE04EC0-301F-11D3-BF4B-00C04F79EFBC}") = "13.Modify Bit", "13.Modify Bit\13.Modify Bit.csproj", "{593E9E89-2806-4D78-A084-8705054EC0F5}"
EndProject
Project("{FAE04EC0-301F-11D3-BF4B-00C04F79EFBC}") = "14.BitExchange", "14.BitExchange\14.BitExchange.csproj", "{5ED0E3DE-B00D-41D1-99FD-4CFDC39BABB1}"
EndProject
Global
	GlobalSection(SolutionConfigurationPlatforms) = preSolution
		Debug|Any CPU = Debug|Any CPU
		Release|Any CPU = Release|Any CPU
	EndGlobalSection
	GlobalSection(ProjectConfigurationPlatforms) = postSolution
		{E90459B7-AE15-45F8-BA9A-63D28350F52A}.Debug|Any CPU.ActiveCfg = Debug|Any CPU
		{E90459B7-AE15-45F8-BA9A-63D28350F52A}.Debug|Any CPU.Build.0 = Debug|Any CPU
		{E90459B7-AE15-45F8-BA9A-63D28350F52A}.Release|Any CPU.ActiveCfg = Release|Any CPU
		{E90459B7-AE15-45F8-BA9A-63D28350F52A}.Release|Any CPU.Build.0 = Release|Any CPU
		{8C930E0D-7068-4881-ACCC-D2751AA2ED2A}.Debug|Any CPU.ActiveCfg = Debug|Any CPU
		{8C930E0D-7068-4881-ACCC-D2751AA2ED2A}.Debug|Any CPU.Build.0 = Debug|Any CPU
		{8C930E0D-7068-4881-ACCC-D2751AA2ED2A}.Release|Any CPU.ActiveCfg = Release|Any CPU
		{8C930E0D-7068-4881-ACCC-D2751AA2ED2A}.Release|Any CPU.Build.0 = Release|Any CPU
		{E51EC91D-F4FB-4832-A415-6C3247BB84EA}.Debug|Any CPU.ActiveCfg = Debug|Any CPU
		{E51EC91D-F4FB-4832-A415-6C3247BB84EA}.Debug|Any CPU.Build.0 = Debug|Any CPU
		{E51EC91D-F4FB-4832-A415-6C3247BB84EA}.Release|Any CPU.ActiveCfg = Release|Any CPU
		{E51EC91D-F4FB-4832-A415-6C3247BB84EA}.Release|Any CPU.Build.0 = Release|Any CPU
		{84F11A77-4EC9-4AEA-940E-89C3CA8E2902}.Debug|Any CPU.ActiveCfg = Debug|Any CPU
		{84F11A77-4EC9-4AEA-940E-89C3CA8E2902}.Debug|Any CPU.Build.0 = Debug|Any CPU
		{84F11A77-4EC9-4AEA-940E-89C3CA8E2902}.Release|Any CPU.ActiveCfg = Release|Any CPU
		{84F11A77-4EC9-4AEA-940E-89C3CA8E2902}.Release|Any CPU.Build.0 = Release|Any CPU
		{41FFF231-CA67-4E96-928A-BF07DAA7ABB8}.Debug|Any CPU.ActiveCfg = Debug|Any CPU
		{41FFF231-CA67-4E96-928A-BF07DAA7ABB8}.Debug|Any CPU.Build.0 = Debug|Any CPU
		{41FFF231-CA67-4E96-928A-BF07DAA7ABB8}.Release|Any CPU.ActiveCfg = Release|Any CPU
		{41FFF231-CA67-4E96-928A-BF07DAA7ABB8}.Release|Any CPU.Build.0 = Release|Any CPU
		{C5209408-E074-4A92-B5EE-03563C37C45D}.Debug|Any CPU.ActiveCfg = Debug|Any CPU
		{C5209408-E074-4A92-B5EE-03563C37C45D}.Debug|Any CPU.Build.0 = Debug|Any CPU
		{C5209408-E074-4A92-B5EE-03563C37C45D}.Release|Any CPU.ActiveCfg = Release|Any CPU
		{C5209408-E074-4A92-B5EE-03563C37C45D}.Release|Any CPU.Build.0 = Release|Any CPU
		{75C41655-563D-4E2D-8366-0EDE00D6AF58}.Debug|Any CPU.ActiveCfg = Debug|Any CPU
		{75C41655-563D-4E2D-8366-0EDE00D6AF58}.Debug|Any CPU.Build.0 = Debug|Any CPU
		{75C41655-563D-4E2D-8366-0EDE00D6AF58}.Release|Any CPU.ActiveCfg = Release|Any CPU
		{75C41655-563D-4E2D-8366-0EDE00D6AF58}.Release|Any CPU.Build.0 = Release|Any CPU
		{35655540-2E4A-45D9-B957-BAF7DBDE2C99}.Debug|Any CPU.ActiveCfg = Debug|Any CPU
		{35655540-2E4A-45D9-B957-BAF7DBDE2C99}.Debug|Any CPU.Build.0 = Debug|Any CPU
		{35655540-2E4A-45D9-B957-BAF7DBDE2C99}.Release|Any CPU.ActiveCfg = Release|Any CPU
		{35655540-2E4A-45D9-B957-BAF7DBDE2C99}.Release|Any CPU.Build.0 = Release|Any CPU
		{02FEC9DD-BE91-42EE-AE3D-9A20BED24F9C}.Debug|Any CPU.ActiveCfg = Debug|Any CPU
		{02FEC9DD-BE91-42EE-AE3D-9A20BED24F9C}.Debug|Any CPU.Build.0 = Debug|Any CPU
		{02FEC9DD-BE91-42EE-AE3D-9A20BED24F9C}.Release|Any CPU.ActiveCfg = Release|Any CPU
		{02FEC9DD-BE91-42EE-AE3D-9A20BED24F9C}.Release|Any CPU.Build.0 = Release|Any CPU
		{A8567A97-6839-4069-857F-20A4974FFE4F}.Debug|Any CPU.ActiveCfg = Debug|Any CPU
		{A8567A97-6839-4069-857F-20A4974FFE4F}.Debug|Any CPU.Build.0 = Debug|Any CPU
		{A8567A97-6839-4069-857F-20A4974FFE4F}.Release|Any CPU.ActiveCfg = Release|Any CPU
		{A8567A97-6839-4069-857F-20A4974FFE4F}.Release|Any CPU.Build.0 = Release|Any CPU
		{FE68CD85-0150-4435-BC86-5D02066AFD98}.Debug|Any CPU.ActiveCfg = Debug|Any CPU
		{FE68CD85-0150-4435-BC86-5D02066AFD98}.Debug|Any CPU.Build.0 = Debug|Any CPU
		{FE68CD85-0150-4435-BC86-5D02066AFD98}.Release|Any CPU.ActiveCfg = Release|Any CPU
		{FE68CD85-0150-4435-BC86-5D02066AFD98}.Release|Any CPU.Build.0 = Release|Any CPU
		{6E0F72FC-DDEB-4E52-9823-6410B7550236}.Debug|Any CPU.ActiveCfg = Debug|Any CPU
		{6E0F72FC-DDEB-4E52-9823-6410B7550236}.Debug|Any CPU.Build.0 = Debug|Any CPU
		{6E0F72FC-DDEB-4E52-9823-6410B7550236}.Release|Any CPU.ActiveCfg = Release|Any CPU
		{6E0F72FC-DDEB-4E52-9823-6410B7550236}.Release|Any CPU.Build.0 = Release|Any CPU
		{C5130457-CA90-48E7-A396-B1C5A9AF5586}.Debug|Any CPU.ActiveCfg = Debug|Any CPU
		{C5130457-CA90-48E7-A396-B1C5A9AF5586}.Debug|Any CPU.Build.0 = Debug|Any CPU
		{C5130457-CA90-48E7-A396-B1C5A9AF5586}.Release|Any CPU.ActiveCfg = Release|Any CPU
		{C5130457-CA90-48E7-A396-B1C5A9AF5586}.Release|Any CPU.Build.0 = Release|Any CPU
		{593E9E89-2806-4D78-A084-8705054EC0F5}.Debug|Any CPU.ActiveCfg = Debug|Any CPU
		{593E9E89-2806-4D78-A084-8705054EC0F5}.Debug|Any CPU.Build.0 = Debug|Any CPU
		{593E9E89-2806-4D78-A084-8705054EC0F5}.Release|Any CPU.ActiveCfg = Release|Any CPU
		{593E9E89-2806-4D78-A084-8705054EC0F5}.Release|Any CPU.Build.0 = Release|Any CPU
		{5ED0E3DE-B00D-41D1-99FD-4CFDC39BABB1}.Debug|Any CPU.ActiveCfg = Debug|Any CPU
		{5ED0E3DE-B00D-41D1-99FD-4CFDC39BABB1}.Debug|Any CPU.Build.0 = Debug|Any CPU
		{5ED0E3DE-B00D-41D1-99FD-4CFDC39BABB1}.Release|Any CPU.ActiveCfg = Release|Any CPU
		{5ED0E3DE-B00D-41D1-99FD-4CFDC39BABB1}.Release|Any CPU.Build.0 = Release|Any CPU
	EndGlobalSection
	GlobalSection(SolutionProperties) = preSolution
		HideSolutionNode = FALSE
	EndGlobalSection
EndGlobal
